{
  "name": "todos-mobx",
  "version": "0.1.0",
  "lockfileVersion": 1,
  "requires": true,
  "dependencies": {
    "hoist-non-react-statics": {
      "version": "2.3.1",
      "resolved": "http://registry.npm.taobao.org/hoist-non-react-statics/download/hoist-non-react-statics-2.3.1.tgz",
      "integrity": "sha1-ND24TGAYxlB3iJgkATWhQg7iLOA="
    },
    "mobx": {
      "version": "3.3.1",
      "resolved": "http://registry.npm.taobao.org/mobx/download/mobx-3.3.1.tgz",
      "integrity": "sha1-w4/Booeg3aP11Lhe/hE3/t2dzfA="
    },
    "mobx-react": {
      "version": "4.3.4",
      "resolved": "http://registry.npm.taobao.org/mobx-react/download/mobx-react-4.3.4.tgz",
      "integrity": "sha1-WM2hBbgBj5v4e9beMzrF6w1cnf4=",
      "requires": {
        "hoist-non-react-statics": "2.3.1"
      }
    },
    "mobx-react-devtools": {
      "version": "4.2.15",
      "resolved": "http://registry.npm.taobao.org/mobx-react-devtools/download/mobx-react-devtools-4.2.15.tgz",
      "integrity": "sha1-iBwDj7g9tN/9HnK7r1N00msv3rs="
    }
  }
}
